
Microsoft Visual Studio Solution File, Format Version 12.00
# Visual Studio Version 17
VisualStudioVersion = 17.2.32526.322
MinimumVisualStudioVersion = 10.0.40219.1
Project("{FAE04EC0-301F-11D3-BF4B-00C04F79EFBC}") = "ExamenElektra", "ExamenElektra\ExamenElektra.csproj", "{0AD42A1C-A2C7-4900-8466-06616ACA7D83}"
EndProject
Global
	GlobalSection(SolutionConfigurationPlatforms) = preSolution
		Debug|Any CPU = Debug|Any CPU
		Release|Any CPU = Release|Any CPU
	EndGlobalSection
	GlobalSection(ProjectConfigurationPlatforms) = postSolution
		{0AD42A1C-A2C7-4900-8466-06616ACA7D83}.Debug|Any CPU.ActiveCfg = Debug|Any CPU
		{0AD42A1C-A2C7-4900-8466-06616ACA7D83}.Debug|Any CPU.Build.0 = Debug|Any CPU
		{0AD42A1C-A2C7-4900-8466-06616ACA7D83}.Release|Any CPU.ActiveCfg = Release|Any CPU
		{0AD42A1C-A2C7-4900-8466-06616ACA7D83}.Release|Any CPU.Build.0 = Release|Any CPU
	EndGlobalSection
	GlobalSection(SolutionProperties) = preSolution
		HideSolutionNode = FALSE
	EndGlobalSection
	GlobalSection(ExtensibilityGlobals) = postSolution
		SolutionGuid = {31679609-4505-4F31-BA97-0498366FF359}
	EndGlobalSection
EndGlobal
